
Microsoft Visual Studio Solution File, Format Version 12.00
# Visual Studio Version 17
VisualStudioVersion = 17.13.35913.81 d17.13
MinimumVisualStudioVersion = 10.0.40219.1
Project("{FAE04EC0-301F-11D3-BF4B-00C04F79EFBC}") = "NotDefterimProject", "NotDefterimProject.csproj", "{3945CA48-1D25-49A5-A672-31DC4B9195BC}"
EndProject
Global
	GlobalSection(SolutionConfigurationPlatforms) = preSolution
		Debug|Any CPU = Debug|Any CPU
		Release|Any CPU = Release|Any CPU
	EndGlobalSection
	GlobalSection(ProjectConfigurationPlatforms) = postSolution
		{3945CA48-1D25-49A5-A672-31DC4B9195BC}.Debug|Any CPU.ActiveCfg = Debug|Any CPU
		{3945CA48-1D25-49A5-A672-31DC4B9195BC}.Debug|Any CPU.Build.0 = Debug|Any CPU
		{3945CA48-1D25-49A5-A672-31DC4B9195BC}.Release|Any CPU.ActiveCfg = Release|Any CPU
		{3945CA48-1D25-49A5-A672-31DC4B9195BC}.Release|Any CPU.Build.0 = Release|Any CPU
	EndGlobalSection
	GlobalSection(SolutionProperties) = preSolution
		HideSolutionNode = FALSE
	EndGlobalSection
	GlobalSection(ExtensibilityGlobals) = postSolution
		SolutionGuid = {26C53261-6D4F-421E-BD1F-E8E2FCC3D2D7}
	EndGlobalSection
EndGlobal
